// !$*UTF8*$!
{
	archiveVersion = 1;
	classes = {
	};
	objectVersion = 50;
	objects = {

/* Begin PBXBuildFile section */
		A50C238820B9B54C00448803 /* AppDelegate.swift in Sources */ = {isa = PBXBuildFile; fileRef = A50C238720B9B54C00448803 /* AppDelegate.swift */; };
		A50C238D20B9B54C00448803 /* Main.storyboard in Resources */ = {isa = PBXBuildFile; fileRef = A50C238B20B9B54C00448803 /* Main.storyboard */; };
		A50C238F20B9B54E00448803 /* Assets.xcassets in Resources */ = {isa = PBXBuildFile; fileRef = A50C238E20B9B54E00448803 /* Assets.xcassets */; };
		A50C239220B9B54E00448803 /* LaunchScreen.storyboard in Resources */ = {isa = PBXBuildFile; fileRef = A50C239020B9B54E00448803 /* LaunchScreen.storyboard */; };
		A50C239D20B9B54F00448803 /* TableTestTests.swift in Sources */ = {isa = PBXBuildFile; fileRef = A50C239C20B9B54F00448803 /* TableTestTests.swift */; };
		A50C23A820B9B54F00448803 /* TableTestUITests.swift in Sources */ = {isa = PBXBuildFile; fileRef = A50C23A720B9B54F00448803 /* TableTestUITests.swift */; };
		A50C23B620B9B5D000448803 /* TableViewController.swift in Sources */ = {isa = PBXBuildFile; fileRef = A50C23B520B9B5D000448803 /* TableViewController.swift */; };
		A50C23B920B9E17600448803 /* TableViewCell.swift in Sources */ = {isa = PBXBuildFile; fileRef = A50C23B720B9E17600448803 /* TableViewCell.swift */; };
		A50C23BA20B9E17600448803 /* TableViewCell.xib in Resources */ = {isa = PBXBuildFile; fileRef = A50C23B820B9E17600448803 /* TableViewCell.xib */; };
/* End PBXBuildFile section */

/* Begin PBXContainerItemProxy section */
		A50C239920B9B54F00448803 /* PBXContainerItemProxy */ = {
			isa = PBXContainerItemProxy;
			containerPortal = A50C237C20B9B54C00448803 /* Project object */;
			proxyType = 1;
			remoteGlobalIDString = A50C238320B9B54C00448803;
			remoteInfo = TableTest;
		};
		A50C23A420B9B54F00448803 /* PBXContainerItemProxy */ = {
			isa = PBXContainerItemProxy;
			containerPortal = A50C237C20B9B54C00448803 /* Project object */;
			proxyType = 1;
			remoteGlobalIDString = A50C238320B9B54C00448803;
			remoteInfo = TableTest;
		};
/* End PBXContainerItemProxy section */

/* Begin PBXFileReference section */
		A50C238420B9B54C00448803 /* TableTest.app */ = {isa = PBXFileReference; explicitFileType = wrapper.application; includeInIndex = 0; path = TableTest.app; sourceTree = BUILT_PRODUCTS_DIR; };
		A50C238720B9B54C00448803 /* AppDelegate.swift */ = {isa = PBXFileReference; lastKnownFileType = sourcecode.swift; path = AppDelegate.swift; sourceTree = "<group>"; };
		A50C238C20B9B54C00448803 /* Base */ = {isa = PBXFileReference; lastKnownFileType = file.storyboard; name = Base; path = Base.lproj/Main.storyboard; sourceTree = "<group>"; };
		A50C238E20B9B54E00448803 /* Assets.xcassets */ = {isa = PBXFileReference; lastKnownFileType = folder.assetcatalog; path = Assets.xcassets; sourceTree = "<group>"; };
		A50C239120B9B54E00448803 /* Base */ = {isa = PBXFileReference; lastKnownFileType = file.storyboard; name = Base; path = Base.lproj/LaunchScreen.storyboard; sourceTree = "<group>"; };
		A50C239320B9B54E00448803 /* Info.plist */ = {isa = PBXFileReference; lastKnownFileType = text.plist.xml; path = Info.plist; sourceTree = "<group>"; };
		A50C239820B9B54F00448803 /* TableTestTests.xctest */ = {isa = PBXFileReference; explicitFileType = wrapper.cfbundle; includeInIndex = 0; path = TableTestTests.xctest; sourceTree = BUILT_PRODUCTS_DIR; };
		A50C239C20B9B54F00448803 /* TableTestTests.swift */ = {isa = PBXFileReference; lastKnownFileType = sourcecode.swift; path = TableTestTests.swift; sourceTree = "<group>"; };
		A50C239E20B9B54F00448803 /* Info.plist */ = {isa = PBXFileReference; lastKnownFileType = text.plist.xml; path = Info.plist; sourceTree = "<group>"; };
		A50C23A320B9B54F00448803 /* TableTestUITests.xctest */ = {isa = PBXFileReference; explicitFileType = wrapper.cfbundle; includeInIndex = 0; path = TableTestUITests.xctest; sourceTree = BUILT_PRODUCTS_DIR; };
		A50C23A720B9B54F00448803 /* TableTestUITests.swift */ = {isa = PBXFileReference; lastKnownFileType = sourcecode.swift; path = TableTestUITests.swift; sourceTree = "<group>"; };
		A50C23A920B9B54F00448803 /* Info.plist */ = {isa = PBXFileReference; lastKnownFileType = text.plist.xml; path = Info.plist; sourceTree = "<group>"; };
		A50C23B520B9B5D000448803 /* TableViewController.swift */ = {isa = PBXFileReference; lastKnownFileType = sourcecode.swift; path = TableViewController.swift; sourceTree = "<group>"; };
		A50C23B720B9E17600448803 /* TableViewCell.swift */ = {isa = PBXFileReference; lastKnownFileType = sourcecode.swift; path = TableViewCell.swift; sourceTree = "<group>"; };
		A50C23B820B9E17600448803 /* TableViewCell.xib */ = {isa = PBXFileReference; lastKnownFileType = file.xib; path = TableViewCell.xib; sourceTree = "<group>"; };
/* End PBXFileReference section */

/* Begin PBXFrameworksBuildPhase section */
		A50C238120B9B54C00448803 /* Frameworks */ = {
			isa = PBXFrameworksBuildPhase;
			buildActionMask = 2147483647;
			files = (
			);
			runOnlyForDeploymentPostprocessing = 0;
		};
		A50C239520B9B54E00448803 /* Frameworks */ = {
			isa = PBXFrameworksBuildPhase;
			buildActionMask = 2147483647;
			files = (
			);
			runOnlyForDeploymentPostprocessing = 0;
		};
		A50C23A020B9B54F00448803 /* Frameworks */ = {
			isa = PBXFrameworksBuildPhase;
			buildActionMask = 2147483647;
			files = (
			);
			runOnlyForDeploymentPostprocessing = 0;
		};
/* End PBXFrameworksBuildPhase section */

/* Begin PBXGroup section */
		A50C237B20B9B54C00448803 = {
			isa = PBXGroup;
			children = (
				A50C238620B9B54C00448803 /* TableTest */,
				A50C239B20B9B54F00448803 /* TableTestTests */,
				A50C23A620B9B54F00448803 /* TableTestUITests */,
				A50C238520B9B54C00448803 /* Products */,
			);
			sourceTree = "<group>";
		};
		A50C238520B9B54C00448803 /* Products */ = {
			isa = PBXGroup;
			children = (
				A50C238420B9B54C00448803 /* TableTest.app */,
				A50C239820B9B54F00448803 /* TableTestTests.xctest */,
				A50C23A320B9B54F00448803 /* TableTestUITests.xctest */,
			);
			name = Products;
			sourceTree = "<group>";
		};
		A50C238620B9B54C00448803 /* TableTest */ = {
			isa = PBXGroup;
			children = (
				A50C238720B9B54C00448803 /* AppDelegate.swift */,
				A50C238B20B9B54C00448803 /* Main.storyboard */,
				A50C238E20B9B54E00448803 /* Assets.xcassets */,
				A50C239020B9B54E00448803 /* LaunchScreen.storyboard */,
				A50C239320B9B54E00448803 /* Info.plist */,
				A50C23B520B9B5D000448803 /* TableViewController.swift */,
				A50C23B720B9E17600448803 /* TableViewCell.swift */,
				A50C23B820B9E17600448803 /* TableViewCell.xib */,
			);
			path = TableTest;
			sourceTree = "<group>";
		};
		A50C239B20B9B54F00448803 /* TableTestTests */ = {
			isa = PBXGroup;
			children = (
				A50C239C20B9B54F00448803 /* TableTestTests.swift */,
				A50C239E20B9B54F00448803 /* Info.plist */,
			);
			path = TableTestTests;
			sourceTree = "<group>";
		};
		A50C23A620B9B54F00448803 /* TableTestUITests */ = {
			isa = PBXGroup;
			children = (
				A50C23A720B9B54F00448803 /* TableTestUITests.swift */,
				A50C23A920B9B54F00448803 /* Info.plist */,
			);
			path = TableTestUITests;
			sourceTree = "<group>";
		};
/* End PBXGroup section */

/* Begin PBXNativeTarget section */
		A50C238320B9B54C00448803 /* TableTest */ = {
			isa = PBXNativeTarget;
			buildConfigurationList = A50C23AC20B9B54F00448803 /* Build configuration list for PBXNativeTarget "TableTest" */;
			buildPhases = (
				A50C238020B9B54C00448803 /* Sources */,
				A50C238120B9B54C00448803 /* Frameworks */,
				A50C238220B9B54C00448803 /* Resources */,
			);
			buildRules = (
			);
			dependencies = (
			);
			name = TableTest;
			productName = TableTest;
			productReference = A50C238420B9B54C00448803 /* TableTest.app */;
			productType = "com.apple.product-type.application";
		};
		A50C239720B9B54E00448803 /* TableTestTests */ = {
			isa = PBXNativeTarget;
			buildConfigurationList = A50C23AF20B9B54F00448803 /* Build configuration list for PBXNativeTarget "TableTestTests" */;
			buildPhases = (
				A50C239420B9B54E00448803 /* Sources */,
				A50C239520B9B54E00448803 /* Frameworks */,
				A50C239620B9B54E00448803 /* Resources */,
			);
			buildRules = (
			);
			dependencies = (
				A50C239A20B9B54F00448803 /* PBXTargetDependency */,
			);
			name = TableTestTests;
			productName = TableTestTests;
			productReference = A50C239820B9B54F00448803 /* TableTestTests.xctest */;
			productType = "com.apple.product-type.bundle.unit-test";
		};
		A50C23A220B9B54F00448803 /* TableTestUITests */ = {
			isa = PBXNativeTarget;
			buildConfigurationList = A50C23B220B9B54F00448803 /* Build configuration list for PBXNativeTarget "TableTestUITests" */;
			buildPhases = (
				A50C239F20B9B54F00448803 /* Sources */,
				A50C23A020B9B54F00448803 /* Frameworks */,
				A50C23A120B9B54F00448803 /* Resources */,
			);
			buildRules = (
			);
			dependencies = (
				A50C23A520B9B54F00448803 /* PBXTargetDependency */,
			);
			name = TableTestUITests;
			productName = TableTestUITests;
			productReference = A50C23A320B9B54F00448803 /* TableTestUITests.xctest */;
			productType = "com.apple.product-type.bundle.ui-testing";
		};
/* End PBXNativeTarget section */

/* Begin PBXProject section */
		A50C237C20B9B54C00448803 /* Project object */ = {
			isa = PBXProject;
			attributes = {
				LastSwiftUpdateCheck = 0930;
				LastUpgradeCheck = 0930;
				ORGANIZATIONNAME = d182_raul_j;
				TargetAttributes = {
					A50C238320B9B54C00448803 = {
						CreatedOnToolsVersion = 9.3;
					};
					A50C239720B9B54E00448803 = {
						CreatedOnToolsVersion = 9.3;
						TestTargetID = A50C238320B9B54C00448803;
					};
					A50C23A220B9B54F00448803 = {
						CreatedOnToolsVersion = 9.3;
						TestTargetID = A50C238320B9B54C00448803;
					};
				};
			};
			buildConfigurationList = A50C237F20B9B54C00448803 /* Build configuration list for PBXProject "TableTest" */;
			compatibilityVersion = "Xcode 9.3";
			developmentRegion = en;
			hasScannedForEncodings = 0;
			knownRegions = (
				en,
				Base,
			);
			mainGroup = A50C237B20B9B54C00448803;
			productRefGroup = A50C238520B9B54C00448803 /* Products */;
			projectDirPath = "";
			projectRoot = "";
			targets = (
				A50C238320B9B54C00448803 /* TableTest */,
				A50C239720B9B54E00448803 /* TableTestTests */,
				A50C23A220B9B54F00448803 /* TableTestUITests */,
			);
		};
/* End PBXProject section */

/* Begin PBXResourcesBuildPhase section */
		A50C238220B9B54C00448803 /* Resources */ = {
			isa = PBXResourcesBuildPhase;
			buildActionMask = 2147483647;
			files = (
				A50C239220B9B54E00448803 /* LaunchScreen.storyboard in Resources */,
				A50C23BA20B9E17600448803 /* TableViewCell.xib in Resources */,
				A50C238F20B9B54E00448803 /* Assets.xcassets in Resources */,
				A50C238D20B9B54C00448803 /* Main.storyboard in Resources */,
			);
			runOnlyForDeploymentPostprocessing = 0;
		};
		A50C239620B9B54E00448803 /* Resources */ = {
			isa = PBXResourcesBuildPhase;
			buildActionMask = 2147483647;
			files = (
			);
			runOnlyForDeploymentPostprocessing = 0;
		};
		A50C23A120B9B54F00448803 /* Resources */ = {
			isa = PBXResourcesBuildPhase;
			buildActionMask = 2147483647;
			files = (
			);
			runOnlyForDeploymentPostprocessing = 0;
		};
/* End PBXResourcesBuildPhase section */

/* Begin PBXSourcesBuildPhase section */
		A50C238020B9B54C00448803 /* Sources */ = {
			isa = PBXSourcesBuildPhase;
			buildActionMask = 2147483647;
			files = (
				A50C23B920B9E17600448803 /* TableViewCell.swift in Sources */,
				A50C238820B9B54C00448803 /* AppDelegate.swift in Sources */,
				A50C23B620B9B5D000448803 /* TableViewController.swift in Sources */,
			);
			runOnlyForDeploymentPostprocessing = 0;
		};
		A50C239420B9B54E00448803 /* Sources */ = {
			isa = PBXSourcesBuildPhase;
			buildActionMask = 2147483647;
			files = (
				A50C239D20B9B54F00448803 /* TableTestTests.swift in Sources */,
			);
			runOnlyForDeploymentPostprocessing = 0;
		};
		A50C239F20B9B54F00448803 /* Sources */ = {
			isa = PBXSourcesBuildPhase;
			buildActionMask = 2147483647;
			files = (
				A50C23A820B9B54F00448803 /* TableTestUITests.swift in Sources */,
			);
			runOnlyForDeploymentPostprocessing = 0;
		};
/* End PBXSourcesBuildPhase section */

/* Begin PBXTargetDependency section */
		A50C239A20B9B54F00448803 /* PBXTargetDependency */ = {
			isa = PBXTargetDependency;
			target = A50C238320B9B54C00448803 /* TableTest */;
			targetProxy = A50C239920B9B54F00448803 /* PBXContainerItemProxy */;
		};
		A50C23A520B9B54F00448803 /* PBXTargetDependency */ = {
			isa = PBXTargetDependency;
			target = A50C238320B9B54C00448803 /* TableTest */;
			targetProxy = A50C23A420B9B54F00448803 /* PBXContainerItemProxy */;
		};
/* End PBXTargetDependency section */

/* Begin PBXVariantGroup section */
		A50C238B20B9B54C00448803 /* Main.storyboard */ = {
			isa = PBXVariantGroup;
			children = (
				A50C238C20B9B54C00448803 /* Base */,
			);
			name = Main.storyboard;
			sourceTree = "<group>";
		};
		A50C239020B9B54E00448803 /* LaunchScreen.storyboard */ = {
			isa = PBXVariantGroup;
			children = (
				A50C239120B9B54E00448803 /* Base */,
			);
			name = LaunchScreen.storyboard;
			sourceTree = "<group>";
		};
/* End PBXVariantGroup section */

/* Begin XCBuildConfiguration section */
		A50C23AA20B9B54F00448803 /* Debug */ = {
			isa = XCBuildConfiguration;
			buildSettings = {
				ALWAYS_SEARCH_USER_PATHS = NO;
				CLANG_ANALYZER_NONNULL = YES;
				CLANG_ANALYZER_NUMBER_OBJECT_CONVERSION = YES_AGGRESSIVE;
				CLANG_CXX_LANGUAGE_STANDARD = "gnu++14";
				CLANG_CXX_LIBRARY = "libc++";
				CLANG_ENABLE_MODULES = YES;
				CLANG_ENABLE_OBJC_ARC = YES;
				CLANG_ENABLE_OBJC_WEAK = YES;
				CLANG_WARN_BLOCK_CAPTURE_AUTORELEASING = YES;
				CLANG_WARN_BOOL_CONVERSION = YES;
				CLANG_WARN_COMMA = YES;
				CLANG_WARN_CONSTANT_CONVERSION = YES;
				CLANG_WARN_DEPRECATED_OBJC_IMPLEMENTATIONS = YES;
				CLANG_WARN_DIRECT_OBJC_ISA_USAGE = YES_ERROR;
				CLANG_WARN_DOCUMENTATION_COMMENTS = YES;
				CLANG_WARN_EMPTY_BODY = YES;
				CLANG_WARN_ENUM_CONVERSION = YES;
				CLANG_WARN_INFINITE_RECURSION = YES;
				CLANG_WARN_INT_CONVERSION = YES;
				CLANG_WARN_NON_LITERAL_NULL_CONVERSION = YES;
				CLANG_WARN_OBJC_IMPLICIT_RETAIN_SELF = YES;
				CLANG_WARN_OBJC_LITERAL_CONVERSION = YES;
				CLANG_WARN_OBJC_ROOT_CLASS = YES_ERROR;
				CLANG_WARN_RANGE_LOOP_ANALYSIS = YES;
				CLANG_WARN_STRICT_PROTOTYPES = YES;
				CLANG_WARN_SUSPICIOUS_MOVE = YES;
				CLANG_WARN_UNGUARDED_AVAILABILITY = YES_AGGRESSIVE;
				CLANG_WARN_UNREACHABLE_CODE = YES;
				CLANG_WARN__DUPLICATE_METHOD_MATCH = YES;
				CODE_SIGN_IDENTITY = "iPhone Developer";
				COPY_PHASE_STRIP = NO;
				DEBUG_INFORMATION_FORMAT = dwarf;
				ENABLE_STRICT_OBJC_MSGSEND = YES;
				ENABLE_TESTABILITY = YES;
				GCC_C_LANGUAGE_STANDARD = gnu11;
				GCC_DYNAMIC_NO_PIC = NO;
				GCC_NO_COMMON_BLOCKS = YES;
				GCC_OPTIMIZATION_LEVEL = 0;
				GCC_PREPROCESSOR_DEFINITIONS = (
					"DEBUG=1",
					"$(inherited)",
				);
				GCC_WARN_64_TO_32_BIT_CONVERSION = YES;
				GCC_WARN_ABOUT_RETURN_TYPE = YES_ERROR;
				GCC_WARN_UNDECLARED_SELECTOR = YES;
				GCC_WARN_UNINITIALIZED_AUTOS = YES_AGGRESSIVE;
				GCC_WARN_UNUSED_FUNCTION = YES;
				GCC_WARN_UNUSED_VARIABLE = YES;
				IPHONEOS_DEPLOYMENT_TARGET = 11.3;
				MTL_ENABLE_DEBUG_INFO = YES;
				ONLY_ACTIVE_ARCH = YES;
				SDKROOT = iphoneos;
				SWIFT_ACTIVE_COMPILATION_CONDITIONS = DEBUG;
				SWIFT_OPTIMIZATION_LEVEL = "-Onone";
			};
			name = Debug;
		};
		A50C23AB20B9B54F00448803 /* Release */ = {
			isa = XCBuildConfiguration;
			buildSettings = {
				ALWAYS_SEARCH_USER_PATHS = NO;
				CLANG_ANALYZER_NONNULL = YES;
				CLANG_ANALYZER_NUMBER_OBJECT_CONVERSION = YES_AGGRESSIVE;
				CLANG_CXX_LANGUAGE_STANDARD = "gnu++14";
				CLANG_CXX_LIBRARY = "libc++";
				CLANG_ENABLE_MODULES = YES;
				CLANG_ENABLE_OBJC_ARC = YES;
				CLANG_ENABLE_OBJC_WEAK = YES;
				CLANG_WARN_BLOCK_CAPTURE_AUTORELEASING = YES;
				CLANG_WARN_BOOL_CONVERSION = YES;
				CLANG_WARN_COMMA = YES;
				CLANG_WARN_CONSTANT_CONVERSION = YES;
				CLANG_WARN_DEPRECATED_OBJC_IMPLEMENTATIONS = YES;
				CLANG_WARN_DIRECT_OBJC_ISA_USAGE = YES_ERROR;
				CLANG_WARN_DOCUMENTATION_COMMENTS = YES;
				CLANG_WARN_EMPTY_BODY = YES;
				CLANG_WARN_ENUM_CONVERSION = YES;
				CLANG_WARN_INFINITE_RECURSION = YES;
				CLANG_WARN_INT_CONVERSION = YES;
				CLANG_WARN_NON_LITERAL_NULL_CONVERSION = YES;
				CLANG_WARN_OBJC_IMPLICIT_RETAIN_SELF = YES;
				CLANG_WARN_OBJC_LITERAL_CONVERSION = YES;
				CLANG_WARN_OBJC_ROOT_CLASS = YES_ERROR;
				CLANG_WARN_RANGE_LOOP_ANALYSIS = YES;
				CLANG_WARN_STRICT_PROTOTYPES = YES;
				CLANG_WARN_SUSPICIOUS_MOVE = YES;
				CLANG_WARN_UNGUARDED_AVAILABILITY = YES_AGGRESSIVE;
				CLANG_WARN_UNREACHABLE_CODE = YES;
				CLANG_WARN__DUPLICATE_METHOD_MATCH = YES;
				CODE_SIGN_IDENTITY = "iPhone Developer";
				COPY_PHASE_STRIP = NO;
				DEBUG_INFORMATION_FORMAT = "dwarf-with-dsym";
				ENABLE_NS_ASSERTIONS = NO;
				ENABLE_STRICT_OBJC_MSGSEND = YES;
				GCC_C_LANGUAGE_STANDARD = gnu11;
				GCC_NO_COMMON_BLOCKS = YES;
				GCC_WARN_64_TO_32_BIT_CONVERSION = YES;
				GCC_WARN_ABOUT_RETURN_TYPE = YES_ERROR;
				GCC_WARN_UNDECLARED_SELECTOR = YES;
				GCC_WARN_UNINITIALIZED_AUTOS = YES_AGGRESSIVE;
				GCC_WARN_UNUSED_FUNCTION = YES;
				GCC_WARN_UNUSED_VARIABLE = YES;
				IPHONEOS_DEPLOYMENT_TARGET = 11.3;
				MTL_ENABLE_DEBUG_INFO = NO;
				SDKROOT = iphoneos;
				SWIFT_COMPILATION_MODE = wholemodule;
				SWIFT_OPTIMIZATION_LEVEL = "-O";
				VALIDATE_PRODUCT = YES;
			};
			name = Release;
		};
		A50C23AD20B9B54F00448803 /* Debug */ = {
			isa = XCBuildConfiguration;
			buildSettings = {
				ASSETCATALOG_COMPILER_APPICON_NAME = AppIcon;
				CODE_SIGN_STYLE = Automatic;
				INFOPLIST_FILE = TableTest/Info.plist;
				LD_RUNPATH_SEARCH_PATHS = (
					"$(inherited)",
					"@executable_path/Frameworks",
				);
				PRODUCT_BUNDLE_IDENTIFIER = rulo.TableTest;
				PRODUCT_NAME = "$(TARGET_NAME)";
				SWIFT_VERSION = 4.0;
				TARGETED_DEVICE_FAMILY = "1,2";
			};
			name = Debug;
		};
		A50C23AE20B9B54F00448803 /* Release */ = {
			isa = XCBuildConfiguration;
			buildSettings = {
				ASSETCATALOG_COMPILER_APPICON_NAME = AppIcon;
				CODE_SIGN_STYLE = Automatic;
				INFOPLIST_FILE = TableTest/Info.plist;
				LD_RUNPATH_SEARCH_PATHS = (
					"$(inherited)",
					"@executable_path/Frameworks",
				);
				PRODUCT_BUNDLE_IDENTIFIER = rulo.TableTest;
				PRODUCT_NAME = "$(TARGET_NAME)";
				SWIFT_VERSION = 4.0;
				TARGETED_DEVICE_FAMILY = "1,2";
			};
			name = Release;
		};
		A50C23B020B9B54F00448803 /* Debug */ = {
			isa = XCBuildConfiguration;
			buildSettings = {
				ALWAYS_EMBED_SWIFT_STANDARD_LIBRARIES = YES;
				BUNDLE_LOADER = "$(TEST_HOST)";
				CODE_SIGN_STYLE = Automatic;
				INFOPLIST_FILE = TableTestTests/Info.plist;
				LD_RUNPATH_SEARCH_PATHS = (
					"$(inherited)",
					"@executable_path/Frameworks",
					"@loader_path/Frameworks",
				);
				PRODUCT_BUNDLE_IDENTIFIER = rulo.TableTestTests;
				PRODUCT_NAME = "$(TARGET_NAME)";
				SWIFT_VERSION = 4.0;
				TARGETED_DEVICE_FAMILY = "1,2";
				TEST_HOST = "$(BUILT_PRODUCTS_DIR)/TableTest.app/TableTest";
			};
			name = Debug;
		};
		A50C23B120B9B54F00448803 /* Release */ = {
			isa = XCBuildConfiguration;
			buildSettings = {
				ALWAYS_EMBED_SWIFT_STANDARD_LIBRARIES = YES;
				BUNDLE_LOADER = "$(TEST_HOST)";
				CODE_SIGN_STYLE = Automatic;
				INFOPLIST_FILE = TableTestTests/Info.plist;
				LD_RUNPATH_SEARCH_PATHS = (
					"$(inherited)",
					"@executable_path/Frameworks",
					"@loader_path/Frameworks",
				);
				PRODUCT_BUNDLE_IDENTIFIER = rulo.TableTestTests;
				PRODUCT_NAME = "$(TARGET_NAME)";
				SWIFT_VERSION = 4.0;
				TARGETED_DEVICE_FAMILY = "1,2";
				TEST_HOST = "$(BUILT_PRODUCTS_DIR)/TableTest.app/TableTest";
			};
			name = Release;
		};
		A50C23B320B9B54F00448803 /* Debug */ = {
			isa = XCBuildConfiguration;
			buildSettings = {
				ALWAYS_EMBED_SWIFT_STANDARD_LIBRARIES = YES;
				CODE_SIGN_STYLE = Automatic;
				INFOPLIST_FILE = TableTestUITests/Info.plist;
				LD_RUNPATH_SEARCH_PATHS = (
					"$(inherited)",
					"@executable_path/Frameworks",
					"@loader_path/Frameworks",
				);
				PRODUCT_BUNDLE_IDENTIFIER = rulo.TableTestUITests;
				PRODUCT_NAME = "$(TARGET_NAME)";
				SWIFT_VERSION = 4.0;
				TARGETED_DEVICE_FAMILY = "1,2";
				TEST_TARGET_NAME = TableTest;
			};
			name = Debug;
		};
		A50C23B420B9B54F00448803 /* Release */ = {
			isa = XCBuildConfiguration;
			buildSettings = {
				ALWAYS_EMBED_SWIFT_STANDARD_LIBRARIES = YES;
				CODE_SIGN_STYLE = Automatic;
				INFOPLIST_FILE = TableTestUITests/Info.plist;
				LD_RUNPATH_SEARCH_PATHS = (
					"$(inherited)",
					"@executable_path/Frameworks",
					"@loader_path/Frameworks",
				);
				PRODUCT_BUNDLE_IDENTIFIER = rulo.TableTestUITests;
				PRODUCT_NAME = "$(TARGET_NAME)";
				SWIFT_VERSION = 4.0;
				TARGETED_DEVICE_FAMILY = "1,2";
				TEST_TARGET_NAME = TableTest;
			};
			name = Release;
		};
/* End XCBuildConfiguration section */

/* Begin XCConfigurationList section */
		A50C237F20B9B54C00448803 /* Build configuration list for PBXProject "TableTest" */ = {
			isa = XCConfigurationList;
			buildConfigurations = (
				A50C23AA20B9B54F00448803 /* Debug */,
				A50C23AB20B9B54F00448803 /* Release */,
			);
			defaultConfigurationIsVisible = 0;
			defaultConfigurationName = Release;
		};
		A50C23AC20B9B54F00448803 /* Build configuration list for PBXNativeTarget "TableTest" */ = {
			isa = XCConfigurationList;
			buildConfigurations = (
				A50C23AD20B9B54F00448803 /* Debug */,
				A50C23AE20B9B54F00448803 /* Release */,
			);
			defaultConfigurationIsVisible = 0;
			defaultConfigurationName = Release;
		};
		A50C23AF20B9B54F00448803 /* Build configuration list for PBXNativeTarget "TableTestTests" */ = {
			isa = XCConfigurationList;
			buildConfigurations = (
				A50C23B020B9B54F00448803 /* Debug */,
				A50C23B120B9B54F00448803 /* Release */,
			);
			defaultConfigurationIsVisible = 0;
			defaultConfigurationName = Release;
		};
		A50C23B220B9B54F00448803 /* Build configuration list for PBXNativeTarget "TableTestUITests" */ = {
			isa = XCConfigurationList;
			buildConfigurations = (
				A50C23B320B9B54F00448803 /* Debug */,
				A50C23B420B9B54F00448803 /* Release */,
			);
			defaultConfigurationIsVisible = 0;
			defaultConfigurationName = Release;
		};
/* End XCConfigurationList section */
	};
	rootObject = A50C237C20B9B54C00448803 /* Project object */;
}
