// !$*UTF8*$!
{
	archiveVersion = 1;
	classes = {
	};
	objectVersion = 48;
	objects = {

/* Begin PBXBuildFile section */
		A50E3942204A195F008506ED /* AppDelegate.swift in Sources */ = {isa = PBXBuildFile; fileRef = A50E3941204A195F008506ED /* AppDelegate.swift */; };
		A50E3944204A195F008506ED /* ViewController.swift in Sources */ = {isa = PBXBuildFile; fileRef = A50E3943204A195F008506ED /* ViewController.swift */; };
		A50E3947204A195F008506ED /* Main.storyboard in Resources */ = {isa = PBXBuildFile; fileRef = A50E3945204A195F008506ED /* Main.storyboard */; };
		A50E3949204A195F008506ED /* Assets.xcassets in Resources */ = {isa = PBXBuildFile; fileRef = A50E3948204A195F008506ED /* Assets.xcassets */; };
		A50E394C204A195F008506ED /* LaunchScreen.storyboard in Resources */ = {isa = PBXBuildFile; fileRef = A50E394A204A195F008506ED /* LaunchScreen.storyboard */; };
		A50E3957204A195F008506ED /* SimpleFormsTests.swift in Sources */ = {isa = PBXBuildFile; fileRef = A50E3956204A195F008506ED /* SimpleFormsTests.swift */; };
		A50E3962204A195F008506ED /* SimpleFormsUITests.swift in Sources */ = {isa = PBXBuildFile; fileRef = A50E3961204A195F008506ED /* SimpleFormsUITests.swift */; };
/* End PBXBuildFile section */

/* Begin PBXContainerItemProxy section */
		A50E3953204A195F008506ED /* PBXContainerItemProxy */ = {
			isa = PBXContainerItemProxy;
			containerPortal = A50E3936204A195F008506ED /* Project object */;
			proxyType = 1;
			remoteGlobalIDString = A50E393D204A195F008506ED;
			remoteInfo = SimpleForms;
		};
		A50E395E204A195F008506ED /* PBXContainerItemProxy */ = {
			isa = PBXContainerItemProxy;
			containerPortal = A50E3936204A195F008506ED /* Project object */;
			proxyType = 1;
			remoteGlobalIDString = A50E393D204A195F008506ED;
			remoteInfo = SimpleForms;
		};
/* End PBXContainerItemProxy section */

/* Begin PBXFileReference section */
		A50E393E204A195F008506ED /* SimpleForms.app */ = {isa = PBXFileReference; explicitFileType = wrapper.application; includeInIndex = 0; path = SimpleForms.app; sourceTree = BUILT_PRODUCTS_DIR; };
		A50E3941204A195F008506ED /* AppDelegate.swift */ = {isa = PBXFileReference; lastKnownFileType = sourcecode.swift; path = AppDelegate.swift; sourceTree = "<group>"; };
		A50E3943204A195F008506ED /* ViewController.swift */ = {isa = PBXFileReference; lastKnownFileType = sourcecode.swift; path = ViewController.swift; sourceTree = "<group>"; };
		A50E3946204A195F008506ED /* Base */ = {isa = PBXFileReference; lastKnownFileType = file.storyboard; name = Base; path = Base.lproj/Main.storyboard; sourceTree = "<group>"; };
		A50E3948204A195F008506ED /* Assets.xcassets */ = {isa = PBXFileReference; lastKnownFileType = folder.assetcatalog; path = Assets.xcassets; sourceTree = "<group>"; };
		A50E394B204A195F008506ED /* Base */ = {isa = PBXFileReference; lastKnownFileType = file.storyboard; name = Base; path = Base.lproj/LaunchScreen.storyboard; sourceTree = "<group>"; };
		A50E394D204A195F008506ED /* Info.plist */ = {isa = PBXFileReference; lastKnownFileType = text.plist.xml; path = Info.plist; sourceTree = "<group>"; };
		A50E3952204A195F008506ED /* SimpleFormsTests.xctest */ = {isa = PBXFileReference; explicitFileType = wrapper.cfbundle; includeInIndex = 0; path = SimpleFormsTests.xctest; sourceTree = BUILT_PRODUCTS_DIR; };
		A50E3956204A195F008506ED /* SimpleFormsTests.swift */ = {isa = PBXFileReference; lastKnownFileType = sourcecode.swift; path = SimpleFormsTests.swift; sourceTree = "<group>"; };
		A50E3958204A195F008506ED /* Info.plist */ = {isa = PBXFileReference; lastKnownFileType = text.plist.xml; path = Info.plist; sourceTree = "<group>"; };
		A50E395D204A195F008506ED /* SimpleFormsUITests.xctest */ = {isa = PBXFileReference; explicitFileType = wrapper.cfbundle; includeInIndex = 0; path = SimpleFormsUITests.xctest; sourceTree = BUILT_PRODUCTS_DIR; };
		A50E3961204A195F008506ED /* SimpleFormsUITests.swift */ = {isa = PBXFileReference; lastKnownFileType = sourcecode.swift; path = SimpleFormsUITests.swift; sourceTree = "<group>"; };
		A50E3963204A195F008506ED /* Info.plist */ = {isa = PBXFileReference; lastKnownFileType = text.plist.xml; path = Info.plist; sourceTree = "<group>"; };
/* End PBXFileReference section */

/* Begin PBXFrameworksBuildPhase section */
		A50E393B204A195F008506ED /* Frameworks */ = {
			isa = PBXFrameworksBuildPhase;
			buildActionMask = 2147483647;
			files = (
			);
			runOnlyForDeploymentPostprocessing = 0;
		};
		A50E394F204A195F008506ED /* Frameworks */ = {
			isa = PBXFrameworksBuildPhase;
			buildActionMask = 2147483647;
			files = (
			);
			runOnlyForDeploymentPostprocessing = 0;
		};
		A50E395A204A195F008506ED /* Frameworks */ = {
			isa = PBXFrameworksBuildPhase;
			buildActionMask = 2147483647;
			files = (
			);
			runOnlyForDeploymentPostprocessing = 0;
		};
/* End PBXFrameworksBuildPhase section */

/* Begin PBXGroup section */
		A50E3935204A195F008506ED = {
			isa = PBXGroup;
			children = (
				A50E3940204A195F008506ED /* SimpleForms */,
				A50E3955204A195F008506ED /* SimpleFormsTests */,
				A50E3960204A195F008506ED /* SimpleFormsUITests */,
				A50E393F204A195F008506ED /* Products */,
			);
			sourceTree = "<group>";
		};
		A50E393F204A195F008506ED /* Products */ = {
			isa = PBXGroup;
			children = (
				A50E393E204A195F008506ED /* SimpleForms.app */,
				A50E3952204A195F008506ED /* SimpleFormsTests.xctest */,
				A50E395D204A195F008506ED /* SimpleFormsUITests.xctest */,
			);
			name = Products;
			sourceTree = "<group>";
		};
		A50E3940204A195F008506ED /* SimpleForms */ = {
			isa = PBXGroup;
			children = (
				A50E3941204A195F008506ED /* AppDelegate.swift */,
				A50E3943204A195F008506ED /* ViewController.swift */,
				A50E3945204A195F008506ED /* Main.storyboard */,
				A50E3948204A195F008506ED /* Assets.xcassets */,
				A50E394A204A195F008506ED /* LaunchScreen.storyboard */,
				A50E394D204A195F008506ED /* Info.plist */,
			);
			path = SimpleForms;
			sourceTree = "<group>";
		};
		A50E3955204A195F008506ED /* SimpleFormsTests */ = {
			isa = PBXGroup;
			children = (
				A50E3956204A195F008506ED /* SimpleFormsTests.swift */,
				A50E3958204A195F008506ED /* Info.plist */,
			);
			path = SimpleFormsTests;
			sourceTree = "<group>";
		};
		A50E3960204A195F008506ED /* SimpleFormsUITests */ = {
			isa = PBXGroup;
			children = (
				A50E3961204A195F008506ED /* SimpleFormsUITests.swift */,
				A50E3963204A195F008506ED /* Info.plist */,
			);
			path = SimpleFormsUITests;
			sourceTree = "<group>";
		};
/* End PBXGroup section */

/* Begin PBXNativeTarget section */
		A50E393D204A195F008506ED /* SimpleForms */ = {
			isa = PBXNativeTarget;
			buildConfigurationList = A50E3966204A195F008506ED /* Build configuration list for PBXNativeTarget "SimpleForms" */;
			buildPhases = (
				A50E393A204A195F008506ED /* Sources */,
				A50E393B204A195F008506ED /* Frameworks */,
				A50E393C204A195F008506ED /* Resources */,
			);
			buildRules = (
			);
			dependencies = (
			);
			name = SimpleForms;
			productName = SimpleForms;
			productReference = A50E393E204A195F008506ED /* SimpleForms.app */;
			productType = "com.apple.product-type.application";
		};
		A50E3951204A195F008506ED /* SimpleFormsTests */ = {
			isa = PBXNativeTarget;
			buildConfigurationList = A50E3969204A195F008506ED /* Build configuration list for PBXNativeTarget "SimpleFormsTests" */;
			buildPhases = (
				A50E394E204A195F008506ED /* Sources */,
				A50E394F204A195F008506ED /* Frameworks */,
				A50E3950204A195F008506ED /* Resources */,
			);
			buildRules = (
			);
			dependencies = (
				A50E3954204A195F008506ED /* PBXTargetDependency */,
			);
			name = SimpleFormsTests;
			productName = SimpleFormsTests;
			productReference = A50E3952204A195F008506ED /* SimpleFormsTests.xctest */;
			productType = "com.apple.product-type.bundle.unit-test";
		};
		A50E395C204A195F008506ED /* SimpleFormsUITests */ = {
			isa = PBXNativeTarget;
			buildConfigurationList = A50E396C204A195F008506ED /* Build configuration list for PBXNativeTarget "SimpleFormsUITests" */;
			buildPhases = (
				A50E3959204A195F008506ED /* Sources */,
				A50E395A204A195F008506ED /* Frameworks */,
				A50E395B204A195F008506ED /* Resources */,
			);
			buildRules = (
			);
			dependencies = (
				A50E395F204A195F008506ED /* PBXTargetDependency */,
			);
			name = SimpleFormsUITests;
			productName = SimpleFormsUITests;
			productReference = A50E395D204A195F008506ED /* SimpleFormsUITests.xctest */;
			productType = "com.apple.product-type.bundle.ui-testing";
		};
/* End PBXNativeTarget section */

/* Begin PBXProject section */
		A50E3936204A195F008506ED /* Project object */ = {
			isa = PBXProject;
			attributes = {
				LastSwiftUpdateCheck = 0920;
				LastUpgradeCheck = 0920;
				ORGANIZATIONNAME = d182_raul_j;
				TargetAttributes = {
					A50E393D204A195F008506ED = {
						CreatedOnToolsVersion = 9.2;
						ProvisioningStyle = Automatic;
					};
					A50E3951204A195F008506ED = {
						CreatedOnToolsVersion = 9.2;
						ProvisioningStyle = Automatic;
						TestTargetID = A50E393D204A195F008506ED;
					};
					A50E395C204A195F008506ED = {
						CreatedOnToolsVersion = 9.2;
						ProvisioningStyle = Automatic;
						TestTargetID = A50E393D204A195F008506ED;
					};
				};
			};
			buildConfigurationList = A50E3939204A195F008506ED /* Build configuration list for PBXProject "SimpleForms" */;
			compatibilityVersion = "Xcode 8.0";
			developmentRegion = en;
			hasScannedForEncodings = 0;
			knownRegions = (
				en,
				Base,
			);
			mainGroup = A50E3935204A195F008506ED;
			productRefGroup = A50E393F204A195F008506ED /* Products */;
			projectDirPath = "";
			projectRoot = "";
			targets = (
				A50E393D204A195F008506ED /* SimpleForms */,
				A50E3951204A195F008506ED /* SimpleFormsTests */,
				A50E395C204A195F008506ED /* SimpleFormsUITests */,
			);
		};
/* End PBXProject section */

/* Begin PBXResourcesBuildPhase section */
		A50E393C204A195F008506ED /* Resources */ = {
			isa = PBXResourcesBuildPhase;
			buildActionMask = 2147483647;
			files = (
				A50E394C204A195F008506ED /* LaunchScreen.storyboard in Resources */,
				A50E3949204A195F008506ED /* Assets.xcassets in Resources */,
				A50E3947204A195F008506ED /* Main.storyboard in Resources */,
			);
			runOnlyForDeploymentPostprocessing = 0;
		};
		A50E3950204A195F008506ED /* Resources */ = {
			isa = PBXResourcesBuildPhase;
			buildActionMask = 2147483647;
			files = (
			);
			runOnlyForDeploymentPostprocessing = 0;
		};
		A50E395B204A195F008506ED /* Resources */ = {
			isa = PBXResourcesBuildPhase;
			buildActionMask = 2147483647;
			files = (
			);
			runOnlyForDeploymentPostprocessing = 0;
		};
/* End PBXResourcesBuildPhase section */

/* Begin PBXSourcesBuildPhase section */
		A50E393A204A195F008506ED /* Sources */ = {
			isa = PBXSourcesBuildPhase;
			buildActionMask = 2147483647;
			files = (
				A50E3944204A195F008506ED /* ViewController.swift in Sources */,
				A50E3942204A195F008506ED /* AppDelegate.swift in Sources */,
			);
			runOnlyForDeploymentPostprocessing = 0;
		};
		A50E394E204A195F008506ED /* Sources */ = {
			isa = PBXSourcesBuildPhase;
			buildActionMask = 2147483647;
			files = (
				A50E3957204A195F008506ED /* SimpleFormsTests.swift in Sources */,
			);
			runOnlyForDeploymentPostprocessing = 0;
		};
		A50E3959204A195F008506ED /* Sources */ = {
			isa = PBXSourcesBuildPhase;
			buildActionMask = 2147483647;
			files = (
				A50E3962204A195F008506ED /* SimpleFormsUITests.swift in Sources */,
			);
			runOnlyForDeploymentPostprocessing = 0;
		};
/* End PBXSourcesBuildPhase section */

/* Begin PBXTargetDependency section */
		A50E3954204A195F008506ED /* PBXTargetDependency */ = {
			isa = PBXTargetDependency;
			target = A50E393D204A195F008506ED /* SimpleForms */;
			targetProxy = A50E3953204A195F008506ED /* PBXContainerItemProxy */;
		};
		A50E395F204A195F008506ED /* PBXTargetDependency */ = {
			isa = PBXTargetDependency;
			target = A50E393D204A195F008506ED /* SimpleForms */;
			targetProxy = A50E395E204A195F008506ED /* PBXContainerItemProxy */;
		};
/* End PBXTargetDependency section */

/* Begin PBXVariantGroup section */
		A50E3945204A195F008506ED /* Main.storyboard */ = {
			isa = PBXVariantGroup;
			children = (
				A50E3946204A195F008506ED /* Base */,
			);
			name = Main.storyboard;
			sourceTree = "<group>";
		};
		A50E394A204A195F008506ED /* LaunchScreen.storyboard */ = {
			isa = PBXVariantGroup;
			children = (
				A50E394B204A195F008506ED /* Base */,
			);
			name = LaunchScreen.storyboard;
			sourceTree = "<group>";
		};
/* End PBXVariantGroup section */

/* Begin XCBuildConfiguration section */
		A50E3964204A195F008506ED /* Debug */ = {
			isa = XCBuildConfiguration;
			buildSettings = {
				ALWAYS_SEARCH_USER_PATHS = NO;
				CLANG_ANALYZER_NONNULL = YES;
				CLANG_ANALYZER_NUMBER_OBJECT_CONVERSION = YES_AGGRESSIVE;
				CLANG_CXX_LANGUAGE_STANDARD = "gnu++14";
				CLANG_CXX_LIBRARY = "libc++";
				CLANG_ENABLE_MODULES = YES;
				CLANG_ENABLE_OBJC_ARC = YES;
				CLANG_WARN_BLOCK_CAPTURE_AUTORELEASING = YES;
				CLANG_WARN_BOOL_CONVERSION = YES;
				CLANG_WARN_COMMA = YES;
				CLANG_WARN_CONSTANT_CONVERSION = YES;
				CLANG_WARN_DIRECT_OBJC_ISA_USAGE = YES_ERROR;
				CLANG_WARN_DOCUMENTATION_COMMENTS = YES;
				CLANG_WARN_EMPTY_BODY = YES;
				CLANG_WARN_ENUM_CONVERSION = YES;
				CLANG_WARN_INFINITE_RECURSION = YES;
				CLANG_WARN_INT_CONVERSION = YES;
				CLANG_WARN_NON_LITERAL_NULL_CONVERSION = YES;
				CLANG_WARN_OBJC_LITERAL_CONVERSION = YES;
				CLANG_WARN_OBJC_ROOT_CLASS = YES_ERROR;
				CLANG_WARN_RANGE_LOOP_ANALYSIS = YES;
				CLANG_WARN_STRICT_PROTOTYPES = YES;
				CLANG_WARN_SUSPICIOUS_MOVE = YES;
				CLANG_WARN_UNGUARDED_AVAILABILITY = YES_AGGRESSIVE;
				CLANG_WARN_UNREACHABLE_CODE = YES;
				CLANG_WARN__DUPLICATE_METHOD_MATCH = YES;
				CODE_SIGN_IDENTITY = "iPhone Developer";
				COPY_PHASE_STRIP = NO;
				DEBUG_INFORMATION_FORMAT = dwarf;
				ENABLE_STRICT_OBJC_MSGSEND = YES;
				ENABLE_TESTABILITY = YES;
				GCC_C_LANGUAGE_STANDARD = gnu11;
				GCC_DYNAMIC_NO_PIC = NO;
				GCC_NO_COMMON_BLOCKS = YES;
				GCC_OPTIMIZATION_LEVEL = 0;
				GCC_PREPROCESSOR_DEFINITIONS = (
					"DEBUG=1",
					"$(inherited)",
				);
				GCC_WARN_64_TO_32_BIT_CONVERSION = YES;
				GCC_WARN_ABOUT_RETURN_TYPE = YES_ERROR;
				GCC_WARN_UNDECLARED_SELECTOR = YES;
				GCC_WARN_UNINITIALIZED_AUTOS = YES_AGGRESSIVE;
				GCC_WARN_UNUSED_FUNCTION = YES;
				GCC_WARN_UNUSED_VARIABLE = YES;
				IPHONEOS_DEPLOYMENT_TARGET = 11.2;
				MTL_ENABLE_DEBUG_INFO = YES;
				ONLY_ACTIVE_ARCH = YES;
				SDKROOT = iphoneos;
				SWIFT_ACTIVE_COMPILATION_CONDITIONS = DEBUG;
				SWIFT_OPTIMIZATION_LEVEL = "-Onone";
			};
			name = Debug;
		};
		A50E3965204A195F008506ED /* Release */ = {
			isa = XCBuildConfiguration;
			buildSettings = {
				ALWAYS_SEARCH_USER_PATHS = NO;
				CLANG_ANALYZER_NONNULL = YES;
				CLANG_ANALYZER_NUMBER_OBJECT_CONVERSION = YES_AGGRESSIVE;
				CLANG_CXX_LANGUAGE_STANDARD = "gnu++14";
				CLANG_CXX_LIBRARY = "libc++";
				CLANG_ENABLE_MODULES = YES;
				CLANG_ENABLE_OBJC_ARC = YES;
				CLANG_WARN_BLOCK_CAPTURE_AUTORELEASING = YES;
				CLANG_WARN_BOOL_CONVERSION = YES;
				CLANG_WARN_COMMA = YES;
				CLANG_WARN_CONSTANT_CONVERSION = YES;
				CLANG_WARN_DIRECT_OBJC_ISA_USAGE = YES_ERROR;
				CLANG_WARN_DOCUMENTATION_COMMENTS = YES;
				CLANG_WARN_EMPTY_BODY = YES;
				CLANG_WARN_ENUM_CONVERSION = YES;
				CLANG_WARN_INFINITE_RECURSION = YES;
				CLANG_WARN_INT_CONVERSION = YES;
				CLANG_WARN_NON_LITERAL_NULL_CONVERSION = YES;
				CLANG_WARN_OBJC_LITERAL_CONVERSION = YES;
				CLANG_WARN_OBJC_ROOT_CLASS = YES_ERROR;
				CLANG_WARN_RANGE_LOOP_ANALYSIS = YES;
				CLANG_WARN_STRICT_PROTOTYPES = YES;
				CLANG_WARN_SUSPICIOUS_MOVE = YES;
				CLANG_WARN_UNGUARDED_AVAILABILITY = YES_AGGRESSIVE;
				CLANG_WARN_UNREACHABLE_CODE = YES;
				CLANG_WARN__DUPLICATE_METHOD_MATCH = YES;
				CODE_SIGN_IDENTITY = "iPhone Developer";
				COPY_PHASE_STRIP = NO;
				DEBUG_INFORMATION_FORMAT = "dwarf-with-dsym";
				ENABLE_NS_ASSERTIONS = NO;
				ENABLE_STRICT_OBJC_MSGSEND = YES;
				GCC_C_LANGUAGE_STANDARD = gnu11;
				GCC_NO_COMMON_BLOCKS = YES;
				GCC_WARN_64_TO_32_BIT_CONVERSION = YES;
				GCC_WARN_ABOUT_RETURN_TYPE = YES_ERROR;
				GCC_WARN_UNDECLARED_SELECTOR = YES;
				GCC_WARN_UNINITIALIZED_AUTOS = YES_AGGRESSIVE;
				GCC_WARN_UNUSED_FUNCTION = YES;
				GCC_WARN_UNUSED_VARIABLE = YES;
				IPHONEOS_DEPLOYMENT_TARGET = 11.2;
				MTL_ENABLE_DEBUG_INFO = NO;
				SDKROOT = iphoneos;
				SWIFT_OPTIMIZATION_LEVEL = "-Owholemodule";
				VALIDATE_PRODUCT = YES;
			};
			name = Release;
		};
		A50E3967204A195F008506ED /* Debug */ = {
			isa = XCBuildConfiguration;
			buildSettings = {
				ASSETCATALOG_COMPILER_APPICON_NAME = AppIcon;
				CODE_SIGN_STYLE = Automatic;
				INFOPLIST_FILE = SimpleForms/Info.plist;
				LD_RUNPATH_SEARCH_PATHS = "$(inherited) @executable_path/Frameworks";
				PRODUCT_BUNDLE_IDENTIFIER = rulo.SimpleForms;
				PRODUCT_NAME = "$(TARGET_NAME)";
				SWIFT_VERSION = 4.0;
				TARGETED_DEVICE_FAMILY = "1,2";
			};
			name = Debug;
		};
		A50E3968204A195F008506ED /* Release */ = {
			isa = XCBuildConfiguration;
			buildSettings = {
				ASSETCATALOG_COMPILER_APPICON_NAME = AppIcon;
				CODE_SIGN_STYLE = Automatic;
				INFOPLIST_FILE = SimpleForms/Info.plist;
				LD_RUNPATH_SEARCH_PATHS = "$(inherited) @executable_path/Frameworks";
				PRODUCT_BUNDLE_IDENTIFIER = rulo.SimpleForms;
				PRODUCT_NAME = "$(TARGET_NAME)";
				SWIFT_VERSION = 4.0;
				TARGETED_DEVICE_FAMILY = "1,2";
			};
			name = Release;
		};
		A50E396A204A195F008506ED /* Debug */ = {
			isa = XCBuildConfiguration;
			buildSettings = {
				ALWAYS_EMBED_SWIFT_STANDARD_LIBRARIES = YES;
				BUNDLE_LOADER = "$(TEST_HOST)";
				CODE_SIGN_STYLE = Automatic;
				INFOPLIST_FILE = SimpleFormsTests/Info.plist;
				LD_RUNPATH_SEARCH_PATHS = "$(inherited) @executable_path/Frameworks @loader_path/Frameworks";
				PRODUCT_BUNDLE_IDENTIFIER = rulo.SimpleFormsTests;
				PRODUCT_NAME = "$(TARGET_NAME)";
				SWIFT_VERSION = 4.0;
				TARGETED_DEVICE_FAMILY = "1,2";
				TEST_HOST = "$(BUILT_PRODUCTS_DIR)/SimpleForms.app/SimpleForms";
			};
			name = Debug;
		};
		A50E396B204A195F008506ED /* Release */ = {
			isa = XCBuildConfiguration;
			buildSettings = {
				ALWAYS_EMBED_SWIFT_STANDARD_LIBRARIES = YES;
				BUNDLE_LOADER = "$(TEST_HOST)";
				CODE_SIGN_STYLE = Automatic;
				INFOPLIST_FILE = SimpleFormsTests/Info.plist;
				LD_RUNPATH_SEARCH_PATHS = "$(inherited) @executable_path/Frameworks @loader_path/Frameworks";
				PRODUCT_BUNDLE_IDENTIFIER = rulo.SimpleFormsTests;
				PRODUCT_NAME = "$(TARGET_NAME)";
				SWIFT_VERSION = 4.0;
				TARGETED_DEVICE_FAMILY = "1,2";
				TEST_HOST = "$(BUILT_PRODUCTS_DIR)/SimpleForms.app/SimpleForms";
			};
			name = Release;
		};
		A50E396D204A195F008506ED /* Debug */ = {
			isa = XCBuildConfiguration;
			buildSettings = {
				ALWAYS_EMBED_SWIFT_STANDARD_LIBRARIES = YES;
				CODE_SIGN_STYLE = Automatic;
				INFOPLIST_FILE = SimpleFormsUITests/Info.plist;
				LD_RUNPATH_SEARCH_PATHS = "$(inherited) @executable_path/Frameworks @loader_path/Frameworks";
				PRODUCT_BUNDLE_IDENTIFIER = rulo.SimpleFormsUITests;
				PRODUCT_NAME = "$(TARGET_NAME)";
				SWIFT_VERSION = 4.0;
				TARGETED_DEVICE_FAMILY = "1,2";
				TEST_TARGET_NAME = SimpleForms;
			};
			name = Debug;
		};
		A50E396E204A195F008506ED /* Release */ = {
			isa = XCBuildConfiguration;
			buildSettings = {
				ALWAYS_EMBED_SWIFT_STANDARD_LIBRARIES = YES;
				CODE_SIGN_STYLE = Automatic;
				INFOPLIST_FILE = SimpleFormsUITests/Info.plist;
				LD_RUNPATH_SEARCH_PATHS = "$(inherited) @executable_path/Frameworks @loader_path/Frameworks";
				PRODUCT_BUNDLE_IDENTIFIER = rulo.SimpleFormsUITests;
				PRODUCT_NAME = "$(TARGET_NAME)";
				SWIFT_VERSION = 4.0;
				TARGETED_DEVICE_FAMILY = "1,2";
				TEST_TARGET_NAME = SimpleForms;
			};
			name = Release;
		};
/* End XCBuildConfiguration section */

/* Begin XCConfigurationList section */
		A50E3939204A195F008506ED /* Build configuration list for PBXProject "SimpleForms" */ = {
			isa = XCConfigurationList;
			buildConfigurations = (
				A50E3964204A195F008506ED /* Debug */,
				A50E3965204A195F008506ED /* Release */,
			);
			defaultConfigurationIsVisible = 0;
			defaultConfigurationName = Release;
		};
		A50E3966204A195F008506ED /* Build configuration list for PBXNativeTarget "SimpleForms" */ = {
			isa = XCConfigurationList;
			buildConfigurations = (
				A50E3967204A195F008506ED /* Debug */,
				A50E3968204A195F008506ED /* Release */,
			);
			defaultConfigurationIsVisible = 0;
			defaultConfigurationName = Release;
		};
		A50E3969204A195F008506ED /* Build configuration list for PBXNativeTarget "SimpleFormsTests" */ = {
			isa = XCConfigurationList;
			buildConfigurations = (
				A50E396A204A195F008506ED /* Debug */,
				A50E396B204A195F008506ED /* Release */,
			);
			defaultConfigurationIsVisible = 0;
			defaultConfigurationName = Release;
		};
		A50E396C204A195F008506ED /* Build configuration list for PBXNativeTarget "SimpleFormsUITests" */ = {
			isa = XCConfigurationList;
			buildConfigurations = (
				A50E396D204A195F008506ED /* Debug */,
				A50E396E204A195F008506ED /* Release */,
			);
			defaultConfigurationIsVisible = 0;
			defaultConfigurationName = Release;
		};
/* End XCConfigurationList section */
	};
	rootObject = A50E3936204A195F008506ED /* Project object */;
}
